
Microsoft Visual Studio Solution File, Format Version 12.00
# Visual Studio Version 16
VisualStudioVersion = 25.0.1703.1
MinimumVisualStudioVersion = 10.0.40219.1
Project("{FAE04EC0-301F-11D3-BF4B-00C04F79EFBC}") = "Database", "Database\Database.csproj", "{6DDB22B6-12A5-4681-8DF1-A25C1D85F759}"
EndProject
Project("{FAE04EC0-301F-11D3-BF4B-00C04F79EFBC}") = "OrmDBSpecific", "Orm\DatabaseSpecific\OrmDBSpecific.csproj", "{CEEA603B-0703-4C4C-A406-30231A258928}"
EndProject
Project("{FAE04EC0-301F-11D3-BF4B-00C04F79EFBC}") = "Orm", "Orm\DatabaseGeneric\Orm.csproj", "{2F928F27-E1F4-4729-9CB0-E951DDEC032C}"
EndProject
Project("{FAE04EC0-301F-11D3-BF4B-00C04F79EFBC}") = "Backend", "Backend\Backend.csproj", "{D54A32B7-1CBB-49A9-9D5C-911FD8C3A918}"
EndProject
Project("{FAE04EC0-301F-11D3-BF4B-00C04F79EFBC}") = "Frontend", "Frontend\Frontend.csproj", "{9A8712C1-F9A6-4056-B1F8-4C66F6EBA006}"
EndProject
Project("{E53339B2-1760-4266-BCC7-CA923CBCF16C}") = "docker-compose", "docker-compose.dcproj", "{5F2A2149-2741-4D37-906E-D268ACAE767D}"
EndProject
Global
	GlobalSection(SolutionConfigurationPlatforms) = preSolution
		Debug|Any CPU = Debug|Any CPU
		Release|Any CPU = Release|Any CPU
	EndGlobalSection
	GlobalSection(ProjectConfigurationPlatforms) = postSolution
		{6DDB22B6-12A5-4681-8DF1-A25C1D85F759}.Debug|Any CPU.ActiveCfg = Debug|Any CPU
		{6DDB22B6-12A5-4681-8DF1-A25C1D85F759}.Debug|Any CPU.Build.0 = Debug|Any CPU
		{6DDB22B6-12A5-4681-8DF1-A25C1D85F759}.Release|Any CPU.ActiveCfg = Release|Any CPU
		{6DDB22B6-12A5-4681-8DF1-A25C1D85F759}.Release|Any CPU.Build.0 = Release|Any CPU
		{CEEA603B-0703-4C4C-A406-30231A258928}.Debug|Any CPU.ActiveCfg = Debug|Any CPU
		{CEEA603B-0703-4C4C-A406-30231A258928}.Debug|Any CPU.Build.0 = Debug|Any CPU
		{CEEA603B-0703-4C4C-A406-30231A258928}.Release|Any CPU.ActiveCfg = Release|Any CPU
		{CEEA603B-0703-4C4C-A406-30231A258928}.Release|Any CPU.Build.0 = Release|Any CPU
		{2F928F27-E1F4-4729-9CB0-E951DDEC032C}.Debug|Any CPU.ActiveCfg = Debug|Any CPU
		{2F928F27-E1F4-4729-9CB0-E951DDEC032C}.Debug|Any CPU.Build.0 = Debug|Any CPU
		{2F928F27-E1F4-4729-9CB0-E951DDEC032C}.Release|Any CPU.ActiveCfg = Release|Any CPU
		{2F928F27-E1F4-4729-9CB0-E951DDEC032C}.Release|Any CPU.Build.0 = Release|Any CPU
		{D54A32B7-1CBB-49A9-9D5C-911FD8C3A918}.Debug|Any CPU.ActiveCfg = Debug|Any CPU
		{D54A32B7-1CBB-49A9-9D5C-911FD8C3A918}.Debug|Any CPU.Build.0 = Debug|Any CPU
		{D54A32B7-1CBB-49A9-9D5C-911FD8C3A918}.Release|Any CPU.ActiveCfg = Release|Any CPU
		{D54A32B7-1CBB-49A9-9D5C-911FD8C3A918}.Release|Any CPU.Build.0 = Release|Any CPU
		{9A8712C1-F9A6-4056-B1F8-4C66F6EBA006}.Debug|Any CPU.ActiveCfg = Debug|Any CPU
		{9A8712C1-F9A6-4056-B1F8-4C66F6EBA006}.Debug|Any CPU.Build.0 = Debug|Any CPU
		{9A8712C1-F9A6-4056-B1F8-4C66F6EBA006}.Release|Any CPU.ActiveCfg = Release|Any CPU
		{9A8712C1-F9A6-4056-B1F8-4C66F6EBA006}.Release|Any CPU.Build.0 = Release|Any CPU
		{5F2A2149-2741-4D37-906E-D268ACAE767D}.Debug|Any CPU.ActiveCfg = Debug|Any CPU
		{5F2A2149-2741-4D37-906E-D268ACAE767D}.Debug|Any CPU.Build.0 = Debug|Any CPU
		{5F2A2149-2741-4D37-906E-D268ACAE767D}.Release|Any CPU.ActiveCfg = Release|Any CPU
		{5F2A2149-2741-4D37-906E-D268ACAE767D}.Release|Any CPU.Build.0 = Release|Any CPU
	EndGlobalSection
	GlobalSection(SolutionProperties) = preSolution
		HideSolutionNode = FALSE
	EndGlobalSection
	GlobalSection(ExtensibilityGlobals) = postSolution
		SolutionGuid = {E6F104FF-35EE-4C3D-9AE1-0B0386095546}
	EndGlobalSection
EndGlobal
